
Microsoft Visual Studio Solution File, Format Version 12.00
# Visual Studio Version 16
VisualStudioVersion = 16.0.29519.87
MinimumVisualStudioVersion = 10.0.40219.1
Project("{FAE04EC0-301F-11D3-BF4B-00C04F79EFBC}") = "TicTacToe", "TicTacToe\TicTacToe.csproj", "{A3484A44-9436-4A63-B3E0-CC0CDE24DB02}"
EndProject
Global
	GlobalSection(SolutionConfigurationPlatforms) = preSolution
		Debug|Any CPU = Debug|Any CPU
		Release|Any CPU = Release|Any CPU
	EndGlobalSection
	GlobalSection(ProjectConfigurationPlatforms) = postSolution
		{A3484A44-9436-4A63-B3E0-CC0CDE24DB02}.Debug|Any CPU.ActiveCfg = Debug|Any CPU
		{A3484A44-9436-4A63-B3E0-CC0CDE24DB02}.Debug|Any CPU.Build.0 = Debug|Any CPU
		{A3484A44-9436-4A63-B3E0-CC0CDE24DB02}.Release|Any CPU.ActiveCfg = Release|Any CPU
		{A3484A44-9436-4A63-B3E0-CC0CDE24DB02}.Release|Any CPU.Build.0 = Release|Any CPU
	EndGlobalSection
	GlobalSection(SolutionProperties) = preSolution
		HideSolutionNode = FALSE
	EndGlobalSection
	GlobalSection(ExtensibilityGlobals) = postSolution
		SolutionGuid = {E95D74F8-72A3-45AF-B935-1BF2731A3784}
	EndGlobalSection
EndGlobal
